{
    "_readme": [
        "This file locks the dependencies of your project to a known state",
        "Read more about it at https://getcomposer.org/doc/01-basic-usage.md#installing-dependencies",
        "This file is @generated automatically"
    ],
    "content-hash": "2d1fd08b2c1194c9fc98d9f78b2952f2",
    "packages": [
        {
            "name": "chillerlan/php-qrcode",
            "version": "2.0.8",
            "source": {
                "type": "git",
                "url": "https://github.com/chillerlan/php-qrcode.git",
                "reference": "bf0382aaf2f79fa41c2dcb0f216675f74d633fe7"
            },
            "dist": {
                "type": "zip",
                "url": "https://api.github.com/repos/chillerlan/php-qrcode/zipball/bf0382aaf2f79fa41c2dcb0f216675f74d633fe7",
                "reference": "bf0382aaf2f79fa41c2dcb0f216675f74d633fe7",
                "shasum": ""
            },
            "require": {
                "chillerlan/php-traits": "^1.1",
                "php": ">=7.0.3"
            },
            "require-dev": {
                "chillerlan/php-authenticator": "^2.0",
                "phpunit/phpunit": "^6.5"
            },
            "type": "library",
            "autoload": {
                "psr-4": {
                    "chillerlan\\QRCode\\": "src/"
                }
            },
            "notification-url": "https://packagist.org/downloads/",
            "license": [
                "MIT"
            ],
            "authors": [
                {
                    "name": "Kazuhiko Arase",
                    "homepage": "https://github.com/kazuhikoarase"
                },
                {
                    "name": "Smiley",
                    "email": "smiley@chillerlan.net",
                    "homepage": "https://github.com/codemasher"
                }
            ],
            "description": "A QR code generator. PHP 7+",
            "homepage": "https://github.com/chillerlan/php-qrcode",
            "keywords": [
                "qr code"
            ],
            "time": "2020-04-12T07:38:35+00:00"
        },
        {
            "name": "chillerlan/php-traits",
            "version": "1.1.13",
            "source": {
                "type": "git",
                "url": "https://github.com/chillerlan/php-traits.git",
                "reference": "264759946b6aaeb427346b749fc9639b790b8e7f"
            },
            "dist": {
                "type": "zip",
                "url": "https://api.github.com/repos/chillerlan/php-traits/zipball/264759946b6aaeb427346b749fc9639b790b8e7f",
                "reference": "264759946b6aaeb427346b749fc9639b790b8e7f",
                "shasum": ""
            },
            "require": {
                "php": ">=7.0.3"
            },
            "require-dev": {
                "phpunit/phpunit": "^6.5"
            },
            "type": "library",
            "autoload": {
                "psr-4": {
                    "chillerlan\\Traits\\": "src/"
                }
            },
            "notification-url": "https://packagist.org/downloads/",
            "license": [
                "MIT"
            ],
            "authors": [
                {
                    "name": "Smiley",
                    "email": "smiley@chillerlan.net",
                    "homepage": "https://github.com/codemasher"
                }
            ],
            "description": "Some useful traits for PHP 7+",
            "homepage": "https://github.com/chillerlan/php-traits",
            "keywords": [
                "PHP7",
                "container",
                "dotenv",
                "helper",
                "trait"
            ],
            "time": "2018-06-22T00:30:47+00:00"
        }
    ],
    "packages-dev": [],
    "aliases": [],
    "minimum-stability": "stable",
    "stability-flags": [],
    "prefer-stable": false,
    "prefer-lowest": false,
    "platform": {
        "php": "^7.1"
    },
    "platform-dev": []
}
